// !$*UTF8*$!
{
	archiveVersion = 1;
	classes = {
	};
	objectVersion = 50;
	objects = {

/* Begin PBXBuildFile section */
		0BF3A2B921FD47B900F70CE0 /* (null) in Resources */ = {isa = PBXBuildFile; };
		0BF3A2FC21FDE32700F70CE0 /* art.scnassets in Resources */ = {isa = PBXBuildFile; fileRef = 0BF3A2FB21FDE32700F70CE0 /* art.scnassets */; };
		0BF3A30B21FE0F6C00F70CE0 /* salad.mp4 in Resources */ = {isa = PBXBuildFile; fileRef = 0BF3A30A21FE0F6C00F70CE0 /* salad.mp4 */; };
		0BF3A32121FE248900F70CE0 /* video4.mp4 in Resources */ = {isa = PBXBuildFile; fileRef = 0BF3A30C21FE246E00F70CE0 /* video4.mp4 */; };
		0BF3A32221FE248900F70CE0 /* video10.mp4 in Resources */ = {isa = PBXBuildFile; fileRef = 0BF3A30D21FE246E00F70CE0 /* video10.mp4 */; };
		0BF3A32321FE248900F70CE0 /* video7.mp4 in Resources */ = {isa = PBXBuildFile; fileRef = 0BF3A30E21FE246E00F70CE0 /* video7.mp4 */; };
		0BF3A32421FE248900F70CE0 /* video9.mp4 in Resources */ = {isa = PBXBuildFile; fileRef = 0BF3A30F21FE247100F70CE0 /* video9.mp4 */; };
		0BF3A32521FE248900F70CE0 /* video8.mp4 in Resources */ = {isa = PBXBuildFile; fileRef = 0BF3A31021FE247200F70CE0 /* video8.mp4 */; };
		0BF3A32621FE248900F70CE0 /* video13.mp4 in Resources */ = {isa = PBXBuildFile; fileRef = 0BF3A31121FE247400F70CE0 /* video13.mp4 */; };
		0BF3A32721FE248900F70CE0 /* video5.mp4 in Resources */ = {isa = PBXBuildFile; fileRef = 0BF3A31221FE247500F70CE0 /* video5.mp4 */; };
		0BF3A32821FE248900F70CE0 /* video19.mp4 in Resources */ = {isa = PBXBuildFile; fileRef = 0BF3A31321FE247600F70CE0 /* video19.mp4 */; };
		0BF3A32921FE248900F70CE0 /* video20.mp4 in Resources */ = {isa = PBXBuildFile; fileRef = 0BF3A31421FE247600F70CE0 /* video20.mp4 */; };
		0BF3A32A21FE248900F70CE0 /* video6.mp4 in Resources */ = {isa = PBXBuildFile; fileRef = 0BF3A31521FE247700F70CE0 /* video6.mp4 */; };
		0BF3A32B21FE248900F70CE0 /* video15.mp4 in Resources */ = {isa = PBXBuildFile; fileRef = 0BF3A31621FE247B00F70CE0 /* video15.mp4 */; };
		0BF3A32C21FE248900F70CE0 /* video14.mp4 in Resources */ = {isa = PBXBuildFile; fileRef = 0BF3A31721FE247C00F70CE0 /* video14.mp4 */; };
		0BF3A32D21FE248900F70CE0 /* video16.mp4 in Resources */ = {isa = PBXBuildFile; fileRef = 0BF3A31821FE247F00F70CE0 /* video16.mp4 */; };
		0BF3A32E21FE248900F70CE0 /* video17.mp4 in Resources */ = {isa = PBXBuildFile; fileRef = 0BF3A31921FE248200F70CE0 /* video17.mp4 */; };
		0BF3A32F21FE248900F70CE0 /* video2.mp4 in Resources */ = {isa = PBXBuildFile; fileRef = 0BF3A31A21FE248300F70CE0 /* video2.mp4 */; };
		0BF3A33021FE248900F70CE0 /* video21.mp4 in Resources */ = {isa = PBXBuildFile; fileRef = 0BF3A31B21FE248400F70CE0 /* video21.mp4 */; };
		0BF3A33121FE248900F70CE0 /* video1.mp4 in Resources */ = {isa = PBXBuildFile; fileRef = 0BF3A31C21FE248600F70CE0 /* video1.mp4 */; };
		0BF3A33221FE248900F70CE0 /* video3.mp4 in Resources */ = {isa = PBXBuildFile; fileRef = 0BF3A31D21FE248700F70CE0 /* video3.mp4 */; };
		0BF3A33321FE248900F70CE0 /* video18.mp4 in Resources */ = {isa = PBXBuildFile; fileRef = 0BF3A31E21FE248800F70CE0 /* video18.mp4 */; };
		0BF3A33421FE248900F70CE0 /* video12.mp4 in Resources */ = {isa = PBXBuildFile; fileRef = 0BF3A31F21FE248800F70CE0 /* video12.mp4 */; };
		0BF3A33521FE248900F70CE0 /* video11.mp4 in Resources */ = {isa = PBXBuildFile; fileRef = 0BF3A32021FE248900F70CE0 /* video11.mp4 */; };
		0BF3A33721FE35A600F70CE0 /* video22.mp4 in Resources */ = {isa = PBXBuildFile; fileRef = 0BF3A33621FE35A600F70CE0 /* video22.mp4 */; };
		0BF3A33921FE38C700F70CE0 /* harrypotter.mp4 in Resources */ = {isa = PBXBuildFile; fileRef = 0BF3A33821FE38C700F70CE0 /* harrypotter.mp4 */; };
		7C34A85D21FD18C2004BEA5E /* AppDelegate.swift in Sources */ = {isa = PBXBuildFile; fileRef = 7C34A85C21FD18C2004BEA5E /* AppDelegate.swift */; };
		7C34A86121FD18C2004BEA5E /* ViewController.swift in Sources */ = {isa = PBXBuildFile; fileRef = 7C34A86021FD18C2004BEA5E /* ViewController.swift */; };
		7C34A86421FD18C2004BEA5E /* Main.storyboard in Resources */ = {isa = PBXBuildFile; fileRef = 7C34A86221FD18C2004BEA5E /* Main.storyboard */; };
		7C34A86621FD18C4004BEA5E /* Assets.xcassets in Resources */ = {isa = PBXBuildFile; fileRef = 7C34A86521FD18C4004BEA5E /* Assets.xcassets */; };
		7C34A86921FD18C4004BEA5E /* LaunchScreen.storyboard in Resources */ = {isa = PBXBuildFile; fileRef = 7C34A86721FD18C4004BEA5E /* LaunchScreen.storyboard */; };
/* End PBXBuildFile section */

/* Begin PBXFileReference section */
		0BF3A2FB21FDE32700F70CE0 /* art.scnassets */ = {isa = PBXFileReference; lastKnownFileType = wrapper.scnassets; path = art.scnassets; sourceTree = "<group>"; };
		0BF3A30A21FE0F6C00F70CE0 /* salad.mp4 */ = {isa = PBXFileReference; lastKnownFileType = file; path = salad.mp4; sourceTree = "<group>"; };
		0BF3A30C21FE246E00F70CE0 /* video4.mp4 */ = {isa = PBXFileReference; lastKnownFileType = file; path = video4.mp4; sourceTree = "<group>"; };
		0BF3A30D21FE246E00F70CE0 /* video10.mp4 */ = {isa = PBXFileReference; lastKnownFileType = file; path = video10.mp4; sourceTree = "<group>"; };
		0BF3A30E21FE246E00F70CE0 /* video7.mp4 */ = {isa = PBXFileReference; lastKnownFileType = file; path = video7.mp4; sourceTree = "<group>"; };
		0BF3A30F21FE247100F70CE0 /* video9.mp4 */ = {isa = PBXFileReference; lastKnownFileType = file; path = video9.mp4; sourceTree = "<group>"; };
		0BF3A31021FE247200F70CE0 /* video8.mp4 */ = {isa = PBXFileReference; lastKnownFileType = file; path = video8.mp4; sourceTree = "<group>"; };
		0BF3A31121FE247400F70CE0 /* video13.mp4 */ = {isa = PBXFileReference; lastKnownFileType = file; path = video13.mp4; sourceTree = "<group>"; };
		0BF3A31221FE247500F70CE0 /* video5.mp4 */ = {isa = PBXFileReference; lastKnownFileType = file; path = video5.mp4; sourceTree = "<group>"; };
		0BF3A31321FE247600F70CE0 /* video19.mp4 */ = {isa = PBXFileReference; lastKnownFileType = file; path = video19.mp4; sourceTree = "<group>"; };
		0BF3A31421FE247600F70CE0 /* video20.mp4 */ = {isa = PBXFileReference; lastKnownFileType = file; path = video20.mp4; sourceTree = "<group>"; };
		0BF3A31521FE247700F70CE0 /* video6.mp4 */ = {isa = PBXFileReference; lastKnownFileType = file; path = video6.mp4; sourceTree = "<group>"; };
		0BF3A31621FE247B00F70CE0 /* video15.mp4 */ = {isa = PBXFileReference; lastKnownFileType = file; path = video15.mp4; sourceTree = "<group>"; };
		0BF3A31721FE247C00F70CE0 /* video14.mp4 */ = {isa = PBXFileReference; lastKnownFileType = file; path = video14.mp4; sourceTree = "<group>"; };
		0BF3A31821FE247F00F70CE0 /* video16.mp4 */ = {isa = PBXFileReference; lastKnownFileType = file; path = video16.mp4; sourceTree = "<group>"; };
		0BF3A31921FE248200F70CE0 /* video17.mp4 */ = {isa = PBXFileReference; lastKnownFileType = file; path = video17.mp4; sourceTree = "<group>"; };
		0BF3A31A21FE248300F70CE0 /* video2.mp4 */ = {isa = PBXFileReference; lastKnownFileType = file; path = video2.mp4; sourceTree = "<group>"; };
		0BF3A31B21FE248400F70CE0 /* video21.mp4 */ = {isa = PBXFileReference; lastKnownFileType = file; path = video21.mp4; sourceTree = "<group>"; };
		0BF3A31C21FE248600F70CE0 /* video1.mp4 */ = {isa = PBXFileReference; lastKnownFileType = file; path = video1.mp4; sourceTree = "<group>"; };
		0BF3A31D21FE248700F70CE0 /* video3.mp4 */ = {isa = PBXFileReference; lastKnownFileType = file; path = video3.mp4; sourceTree = "<group>"; };
		0BF3A31E21FE248800F70CE0 /* video18.mp4 */ = {isa = PBXFileReference; lastKnownFileType = file; path = video18.mp4; sourceTree = "<group>"; };
		0BF3A31F21FE248800F70CE0 /* video12.mp4 */ = {isa = PBXFileReference; lastKnownFileType = file; path = video12.mp4; sourceTree = "<group>"; };
		0BF3A32021FE248900F70CE0 /* video11.mp4 */ = {isa = PBXFileReference; lastKnownFileType = file; path = video11.mp4; sourceTree = "<group>"; };
		0BF3A33621FE35A600F70CE0 /* video22.mp4 */ = {isa = PBXFileReference; lastKnownFileType = file; path = video22.mp4; sourceTree = "<group>"; };
		0BF3A33821FE38C700F70CE0 /* harrypotter.mp4 */ = {isa = PBXFileReference; lastKnownFileType = file; path = harrypotter.mp4; sourceTree = "<group>"; };
		7C34A85921FD18C2004BEA5E /* NewsAR.app */ = {isa = PBXFileReference; explicitFileType = wrapper.application; includeInIndex = 0; path = NewsAR.app; sourceTree = BUILT_PRODUCTS_DIR; };
		7C34A85C21FD18C2004BEA5E /* AppDelegate.swift */ = {isa = PBXFileReference; lastKnownFileType = sourcecode.swift; path = AppDelegate.swift; sourceTree = "<group>"; };
		7C34A86021FD18C2004BEA5E /* ViewController.swift */ = {isa = PBXFileReference; lastKnownFileType = sourcecode.swift; path = ViewController.swift; sourceTree = "<group>"; };
		7C34A86321FD18C2004BEA5E /* Base */ = {isa = PBXFileReference; lastKnownFileType = file.storyboard; name = Base; path = Base.lproj/Main.storyboard; sourceTree = "<group>"; };
		7C34A86521FD18C4004BEA5E /* Assets.xcassets */ = {isa = PBXFileReference; lastKnownFileType = folder.assetcatalog; path = Assets.xcassets; sourceTree = "<group>"; };
		7C34A86821FD18C4004BEA5E /* Base */ = {isa = PBXFileReference; lastKnownFileType = file.storyboard; name = Base; path = Base.lproj/LaunchScreen.storyboard; sourceTree = "<group>"; };
		7C34A86A21FD18C4004BEA5E /* Info.plist */ = {isa = PBXFileReference; lastKnownFileType = text.plist.xml; path = Info.plist; sourceTree = "<group>"; };
/* End PBXFileReference section */

/* Begin PBXFrameworksBuildPhase section */
		7C34A85621FD18C2004BEA5E /* Frameworks */ = {
			isa = PBXFrameworksBuildPhase;
			buildActionMask = 2147483647;
			files = (
			);
			runOnlyForDeploymentPostprocessing = 0;
		};
/* End PBXFrameworksBuildPhase section */

/* Begin PBXGroup section */
		0BF3A2FD21FDE7E200F70CE0 /* Model */ = {
			isa = PBXGroup;
			children = (
			);
			path = Model;
			sourceTree = "<group>";
		};
		0BF3A2FE21FDE7FC00F70CE0 /* View */ = {
			isa = PBXGroup;
			children = (
				7C34A86221FD18C2004BEA5E /* Main.storyboard */,
				7C34A86721FD18C4004BEA5E /* LaunchScreen.storyboard */,
			);
			path = View;
			sourceTree = "<group>";
		};
		0BF3A2FF21FDE81E00F70CE0 /* Controller */ = {
			isa = PBXGroup;
			children = (
			);
			path = Controller;
			sourceTree = "<group>";
		};
		0BF3A30921FE0DBE00F70CE0 /* Videos */ = {
			isa = PBXGroup;
			children = (
				0BF3A33821FE38C700F70CE0 /* harrypotter.mp4 */,
				0BF3A33621FE35A600F70CE0 /* video22.mp4 */,
				0BF3A31C21FE248600F70CE0 /* video1.mp4 */,
				0BF3A31A21FE248300F70CE0 /* video2.mp4 */,
				0BF3A31D21FE248700F70CE0 /* video3.mp4 */,
				0BF3A30C21FE246E00F70CE0 /* video4.mp4 */,
				0BF3A31221FE247500F70CE0 /* video5.mp4 */,
				0BF3A31521FE247700F70CE0 /* video6.mp4 */,
				0BF3A30E21FE246E00F70CE0 /* video7.mp4 */,
				0BF3A31021FE247200F70CE0 /* video8.mp4 */,
				0BF3A30F21FE247100F70CE0 /* video9.mp4 */,
				0BF3A30D21FE246E00F70CE0 /* video10.mp4 */,
				0BF3A32021FE248900F70CE0 /* video11.mp4 */,
				0BF3A31F21FE248800F70CE0 /* video12.mp4 */,
				0BF3A31121FE247400F70CE0 /* video13.mp4 */,
				0BF3A31721FE247C00F70CE0 /* video14.mp4 */,
				0BF3A31621FE247B00F70CE0 /* video15.mp4 */,
				0BF3A31821FE247F00F70CE0 /* video16.mp4 */,
				0BF3A31921FE248200F70CE0 /* video17.mp4 */,
				0BF3A31E21FE248800F70CE0 /* video18.mp4 */,
				0BF3A31321FE247600F70CE0 /* video19.mp4 */,
				0BF3A31421FE247600F70CE0 /* video20.mp4 */,
				0BF3A31B21FE248400F70CE0 /* video21.mp4 */,
				0BF3A30A21FE0F6C00F70CE0 /* salad.mp4 */,
			);
			path = Videos;
			sourceTree = "<group>";
		};
		7C34A85021FD18C2004BEA5E = {
			isa = PBXGroup;
			children = (
				7C34A85B21FD18C2004BEA5E /* NewsAR */,
				7C34A85A21FD18C2004BEA5E /* Products */,
			);
			sourceTree = "<group>";
		};
		7C34A85A21FD18C2004BEA5E /* Products */ = {
			isa = PBXGroup;
			children = (
				7C34A85921FD18C2004BEA5E /* NewsAR.app */,
			);
			name = Products;
			sourceTree = "<group>";
		};
		7C34A85B21FD18C2004BEA5E /* NewsAR */ = {
			isa = PBXGroup;
			children = (
				0BF3A30921FE0DBE00F70CE0 /* Videos */,
				0BF3A2FF21FDE81E00F70CE0 /* Controller */,
				0BF3A2FE21FDE7FC00F70CE0 /* View */,
				0BF3A2FD21FDE7E200F70CE0 /* Model */,
				0BF3A2FB21FDE32700F70CE0 /* art.scnassets */,
				7C34A85C21FD18C2004BEA5E /* AppDelegate.swift */,
				7C34A86021FD18C2004BEA5E /* ViewController.swift */,
				7C34A86521FD18C4004BEA5E /* Assets.xcassets */,
				7C34A86A21FD18C4004BEA5E /* Info.plist */,
			);
			path = NewsAR;
			sourceTree = "<group>";
		};
/* End PBXGroup section */

/* Begin PBXNativeTarget section */
		7C34A85821FD18C2004BEA5E /* NewsAR */ = {
			isa = PBXNativeTarget;
			buildConfigurationList = 7C34A86D21FD18C4004BEA5E /* Build configuration list for PBXNativeTarget "NewsAR" */;
			buildPhases = (
				7C34A85521FD18C2004BEA5E /* Sources */,
				7C34A85621FD18C2004BEA5E /* Frameworks */,
				7C34A85721FD18C2004BEA5E /* Resources */,
			);
			buildRules = (
			);
			dependencies = (
			);
			name = NewsAR;
			productName = NewsAR;
			productReference = 7C34A85921FD18C2004BEA5E /* NewsAR.app */;
			productType = "com.apple.product-type.application";
		};
/* End PBXNativeTarget section */

/* Begin PBXProject section */
		7C34A85121FD18C2004BEA5E /* Project object */ = {
			isa = PBXProject;
			attributes = {
				LastSwiftUpdateCheck = 1010;
				LastUpgradeCheck = 1010;
				ORGANIZATIONNAME = "Danish Dua";
				TargetAttributes = {
					7C34A85821FD18C2004BEA5E = {
						CreatedOnToolsVersion = 10.1;
						LastSwiftMigration = 1010;
					};
				};
			};
			buildConfigurationList = 7C34A85421FD18C2004BEA5E /* Build configuration list for PBXProject "NewsAR" */;
			compatibilityVersion = "Xcode 9.3";
			developmentRegion = en;
			hasScannedForEncodings = 0;
			knownRegions = (
				en,
				Base,
			);
			mainGroup = 7C34A85021FD18C2004BEA5E;
			productRefGroup = 7C34A85A21FD18C2004BEA5E /* Products */;
			projectDirPath = "";
			projectRoot = "";
			targets = (
				7C34A85821FD18C2004BEA5E /* NewsAR */,
			);
		};
/* End PBXProject section */

/* Begin PBXResourcesBuildPhase section */
		7C34A85721FD18C2004BEA5E /* Resources */ = {
			isa = PBXResourcesBuildPhase;
			buildActionMask = 2147483647;
			files = (
				7C34A86921FD18C4004BEA5E /* LaunchScreen.storyboard in Resources */,
				0BF3A32521FE248900F70CE0 /* video8.mp4 in Resources */,
				0BF3A33921FE38C700F70CE0 /* harrypotter.mp4 in Resources */,
				0BF3A32D21FE248900F70CE0 /* video16.mp4 in Resources */,
				0BF3A32421FE248900F70CE0 /* video9.mp4 in Resources */,
				0BF3A33521FE248900F70CE0 /* video11.mp4 in Resources */,
				0BF3A33421FE248900F70CE0 /* video12.mp4 in Resources */,
				0BF3A2FC21FDE32700F70CE0 /* art.scnassets in Resources */,
				0BF3A33221FE248900F70CE0 /* video3.mp4 in Resources */,
				0BF3A32F21FE248900F70CE0 /* video2.mp4 in Resources */,
				0BF3A32321FE248900F70CE0 /* video7.mp4 in Resources */,
				0BF3A32B21FE248900F70CE0 /* video15.mp4 in Resources */,
				0BF3A32921FE248900F70CE0 /* video20.mp4 in Resources */,
				0BF3A32221FE248900F70CE0 /* video10.mp4 in Resources */,
				0BF3A32621FE248900F70CE0 /* video13.mp4 in Resources */,
				0BF3A33721FE35A600F70CE0 /* video22.mp4 in Resources */,
				0BF3A32721FE248900F70CE0 /* video5.mp4 in Resources */,
				7C34A86621FD18C4004BEA5E /* Assets.xcassets in Resources */,
				0BF3A32821FE248900F70CE0 /* video19.mp4 in Resources */,
				0BF3A33321FE248900F70CE0 /* video18.mp4 in Resources */,
				0BF3A30B21FE0F6C00F70CE0 /* salad.mp4 in Resources */,
				0BF3A32121FE248900F70CE0 /* video4.mp4 in Resources */,
				0BF3A33121FE248900F70CE0 /* video1.mp4 in Resources */,
				0BF3A32E21FE248900F70CE0 /* video17.mp4 in Resources */,
				0BF3A2FC21FDE32700F70CE0 /* art.scnassets in Resources */,
				0BF3A2B921FD47B900F70CE0 /* (null) in Resources */,
				7C34A86621FD18C4004BEA5E /* Assets.xcassets in Resources */,
				7C34A86421FD18C2004BEA5E /* Main.storyboard in Resources */,
				0BF3A33021FE248900F70CE0 /* video21.mp4 in Resources */,
				0BF3A32A21FE248900F70CE0 /* video6.mp4 in Resources */,
				0BF3A32C21FE248900F70CE0 /* video14.mp4 in Resources */,
			);
			runOnlyForDeploymentPostprocessing = 0;
		};
/* End PBXResourcesBuildPhase section */

/* Begin PBXSourcesBuildPhase section */
		7C34A85521FD18C2004BEA5E /* Sources */ = {
			isa = PBXSourcesBuildPhase;
			buildActionMask = 2147483647;
			files = (
				7C34A86121FD18C2004BEA5E /* ViewController.swift in Sources */,
				7C34A85D21FD18C2004BEA5E /* AppDelegate.swift in Sources */,
			);
			runOnlyForDeploymentPostprocessing = 0;
		};
/* End PBXSourcesBuildPhase section */

/* Begin PBXVariantGroup section */
		7C34A86221FD18C2004BEA5E /* Main.storyboard */ = {
			isa = PBXVariantGroup;
			children = (
				7C34A86321FD18C2004BEA5E /* Base */,
			);
			name = Main.storyboard;
			sourceTree = "<group>";
		};
		7C34A86721FD18C4004BEA5E /* LaunchScreen.storyboard */ = {
			isa = PBXVariantGroup;
			children = (
				7C34A86821FD18C4004BEA5E /* Base */,
			);
			name = LaunchScreen.storyboard;
			sourceTree = "<group>";
		};
/* End PBXVariantGroup section */

/* Begin XCBuildConfiguration section */
		7C34A86B21FD18C4004BEA5E /* Debug */ = {
			isa = XCBuildConfiguration;
			buildSettings = {
				ALWAYS_SEARCH_USER_PATHS = NO;
				CLANG_ANALYZER_NONNULL = YES;
				CLANG_ANALYZER_NUMBER_OBJECT_CONVERSION = YES_AGGRESSIVE;
				CLANG_CXX_LANGUAGE_STANDARD = "gnu++14";
				CLANG_CXX_LIBRARY = "libc++";
				CLANG_ENABLE_MODULES = YES;
				CLANG_ENABLE_OBJC_ARC = YES;
				CLANG_ENABLE_OBJC_WEAK = YES;
				CLANG_WARN_BLOCK_CAPTURE_AUTORELEASING = YES;
				CLANG_WARN_BOOL_CONVERSION = YES;
				CLANG_WARN_COMMA = YES;
				CLANG_WARN_CONSTANT_CONVERSION = YES;
				CLANG_WARN_DEPRECATED_OBJC_IMPLEMENTATIONS = YES;
				CLANG_WARN_DIRECT_OBJC_ISA_USAGE = YES_ERROR;
				CLANG_WARN_DOCUMENTATION_COMMENTS = YES;
				CLANG_WARN_EMPTY_BODY = YES;
				CLANG_WARN_ENUM_CONVERSION = YES;
				CLANG_WARN_INFINITE_RECURSION = YES;
				CLANG_WARN_INT_CONVERSION = YES;
				CLANG_WARN_NON_LITERAL_NULL_CONVERSION = YES;
				CLANG_WARN_OBJC_IMPLICIT_RETAIN_SELF = YES;
				CLANG_WARN_OBJC_LITERAL_CONVERSION = YES;
				CLANG_WARN_OBJC_ROOT_CLASS = YES_ERROR;
				CLANG_WARN_RANGE_LOOP_ANALYSIS = YES;
				CLANG_WARN_STRICT_PROTOTYPES = YES;
				CLANG_WARN_SUSPICIOUS_MOVE = YES;
				CLANG_WARN_UNGUARDED_AVAILABILITY = YES_AGGRESSIVE;
				CLANG_WARN_UNREACHABLE_CODE = YES;
				CLANG_WARN__DUPLICATE_METHOD_MATCH = YES;
				CODE_SIGN_IDENTITY = "iPhone Developer";
				COPY_PHASE_STRIP = NO;
				DEBUG_INFORMATION_FORMAT = dwarf;
				ENABLE_STRICT_OBJC_MSGSEND = YES;
				ENABLE_TESTABILITY = YES;
				GCC_C_LANGUAGE_STANDARD = gnu11;
				GCC_DYNAMIC_NO_PIC = NO;
				GCC_NO_COMMON_BLOCKS = YES;
				GCC_OPTIMIZATION_LEVEL = 0;
				GCC_PREPROCESSOR_DEFINITIONS = (
					"DEBUG=1",
					"$(inherited)",
				);
				GCC_WARN_64_TO_32_BIT_CONVERSION = YES;
				GCC_WARN_ABOUT_RETURN_TYPE = YES_ERROR;
				GCC_WARN_UNDECLARED_SELECTOR = YES;
				GCC_WARN_UNINITIALIZED_AUTOS = YES_AGGRESSIVE;
				GCC_WARN_UNUSED_FUNCTION = YES;
				GCC_WARN_UNUSED_VARIABLE = YES;
				IPHONEOS_DEPLOYMENT_TARGET = 12.1;
				MTL_ENABLE_DEBUG_INFO = INCLUDE_SOURCE;
				MTL_FAST_MATH = YES;
				ONLY_ACTIVE_ARCH = YES;
				SDKROOT = iphoneos;
				SWIFT_ACTIVE_COMPILATION_CONDITIONS = DEBUG;
				SWIFT_OPTIMIZATION_LEVEL = "-Onone";
			};
			name = Debug;
		};
		7C34A86C21FD18C4004BEA5E /* Release */ = {
			isa = XCBuildConfiguration;
			buildSettings = {
				ALWAYS_SEARCH_USER_PATHS = NO;
				CLANG_ANALYZER_NONNULL = YES;
				CLANG_ANALYZER_NUMBER_OBJECT_CONVERSION = YES_AGGRESSIVE;
				CLANG_CXX_LANGUAGE_STANDARD = "gnu++14";
				CLANG_CXX_LIBRARY = "libc++";
				CLANG_ENABLE_MODULES = YES;
				CLANG_ENABLE_OBJC_ARC = YES;
				CLANG_ENABLE_OBJC_WEAK = YES;
				CLANG_WARN_BLOCK_CAPTURE_AUTORELEASING = YES;
				CLANG_WARN_BOOL_CONVERSION = YES;
				CLANG_WARN_COMMA = YES;
				CLANG_WARN_CONSTANT_CONVERSION = YES;
				CLANG_WARN_DEPRECATED_OBJC_IMPLEMENTATIONS = YES;
				CLANG_WARN_DIRECT_OBJC_ISA_USAGE = YES_ERROR;
				CLANG_WARN_DOCUMENTATION_COMMENTS = YES;
				CLANG_WARN_EMPTY_BODY = YES;
				CLANG_WARN_ENUM_CONVERSION = YES;
				CLANG_WARN_INFINITE_RECURSION = YES;
				CLANG_WARN_INT_CONVERSION = YES;
				CLANG_WARN_NON_LITERAL_NULL_CONVERSION = YES;
				CLANG_WARN_OBJC_IMPLICIT_RETAIN_SELF = YES;
				CLANG_WARN_OBJC_LITERAL_CONVERSION = YES;
				CLANG_WARN_OBJC_ROOT_CLASS = YES_ERROR;
				CLANG_WARN_RANGE_LOOP_ANALYSIS = YES;
				CLANG_WARN_STRICT_PROTOTYPES = YES;
				CLANG_WARN_SUSPICIOUS_MOVE = YES;
				CLANG_WARN_UNGUARDED_AVAILABILITY = YES_AGGRESSIVE;
				CLANG_WARN_UNREACHABLE_CODE = YES;
				CLANG_WARN__DUPLICATE_METHOD_MATCH = YES;
				CODE_SIGN_IDENTITY = "iPhone Developer";
				COPY_PHASE_STRIP = NO;
				DEBUG_INFORMATION_FORMAT = "dwarf-with-dsym";
				ENABLE_NS_ASSERTIONS = NO;
				ENABLE_STRICT_OBJC_MSGSEND = YES;
				GCC_C_LANGUAGE_STANDARD = gnu11;
				GCC_NO_COMMON_BLOCKS = YES;
				GCC_WARN_64_TO_32_BIT_CONVERSION = YES;
				GCC_WARN_ABOUT_RETURN_TYPE = YES_ERROR;
				GCC_WARN_UNDECLARED_SELECTOR = YES;
				GCC_WARN_UNINITIALIZED_AUTOS = YES_AGGRESSIVE;
				GCC_WARN_UNUSED_FUNCTION = YES;
				GCC_WARN_UNUSED_VARIABLE = YES;
				IPHONEOS_DEPLOYMENT_TARGET = 12.1;
				MTL_ENABLE_DEBUG_INFO = NO;
				MTL_FAST_MATH = YES;
				SDKROOT = iphoneos;
				SWIFT_COMPILATION_MODE = wholemodule;
				SWIFT_OPTIMIZATION_LEVEL = "-O";
				VALIDATE_PRODUCT = YES;
			};
			name = Release;
		};
		7C34A86E21FD18C4004BEA5E /* Debug */ = {
			isa = XCBuildConfiguration;
			buildSettings = {
				ASSETCATALOG_COMPILER_APPICON_NAME = AppIcon;
				ASSETCATALOG_COMPILER_LAUNCHIMAGE_NAME = LaunchImage;
				CLANG_ENABLE_MODULES = YES;
				CODE_SIGN_STYLE = Automatic;
				DEVELOPMENT_TEAM = S85AC8DQ5L;
				INFOPLIST_FILE = NewsAR/Info.plist;
				LD_RUNPATH_SEARCH_PATHS = (
					"$(inherited)",
					"@executable_path/Frameworks",
				);
				PRODUCT_BUNDLE_IDENTIFIER = com.dandua.NewsAR;
				PRODUCT_NAME = "$(TARGET_NAME)";
				SWIFT_OPTIMIZATION_LEVEL = "-Onone";
				SWIFT_VERSION = 4.2;
				TARGETED_DEVICE_FAMILY = "1,2";
			};
			name = Debug;
		};
		7C34A86F21FD18C4004BEA5E /* Release */ = {
			isa = XCBuildConfiguration;
			buildSettings = {
				ASSETCATALOG_COMPILER_APPICON_NAME = AppIcon;
				ASSETCATALOG_COMPILER_LAUNCHIMAGE_NAME = LaunchImage;
				CLANG_ENABLE_MODULES = YES;
				CODE_SIGN_STYLE = Automatic;
				DEVELOPMENT_TEAM = S85AC8DQ5L;
				INFOPLIST_FILE = NewsAR/Info.plist;
				LD_RUNPATH_SEARCH_PATHS = (
					"$(inherited)",
					"@executable_path/Frameworks",
				);
				PRODUCT_BUNDLE_IDENTIFIER = com.dandua.NewsAR;
				PRODUCT_NAME = "$(TARGET_NAME)";
				SWIFT_VERSION = 4.2;
				TARGETED_DEVICE_FAMILY = "1,2";
			};
			name = Release;
		};
/* End XCBuildConfiguration section */

/* Begin XCConfigurationList section */
		7C34A85421FD18C2004BEA5E /* Build configuration list for PBXProject "NewsAR" */ = {
			isa = XCConfigurationList;
			buildConfigurations = (
				7C34A86B21FD18C4004BEA5E /* Debug */,
				7C34A86C21FD18C4004BEA5E /* Release */,
			);
			defaultConfigurationIsVisible = 0;
			defaultConfigurationName = Release;
		};
		7C34A86D21FD18C4004BEA5E /* Build configuration list for PBXNativeTarget "NewsAR" */ = {
			isa = XCConfigurationList;
			buildConfigurations = (
				7C34A86E21FD18C4004BEA5E /* Debug */,
				7C34A86F21FD18C4004BEA5E /* Release */,
			);
			defaultConfigurationIsVisible = 0;
			defaultConfigurationName = Release;
		};
/* End XCConfigurationList section */
	};
	rootObject = 7C34A85121FD18C2004BEA5E /* Project object */;
}
